// !$*UTF8*$!
{
	archiveVersion = 1;
	classes = {
	};
	objectVersion = 56;
	objects = {

/* Begin PBXBuildFile section */
		041C91542C8EF68B00A1AB7C /* MiniCoinProjectApp.swift in Sources */ = {isa = PBXBuildFile; fileRef = 041C91532C8EF68B00A1AB7C /* MiniCoinProjectApp.swift */; };
		041C91582C8EF68D00A1AB7C /* Assets.xcassets in Resources */ = {isa = PBXBuildFile; fileRef = 041C91572C8EF68D00A1AB7C /* Assets.xcassets */; };
		041C915B2C8EF68D00A1AB7C /* Preview Assets.xcassets in Resources */ = {isa = PBXBuildFile; fileRef = 041C915A2C8EF68D00A1AB7C /* Preview Assets.xcassets */; };
		041C91622C8EF75D00A1AB7C /* CoinTabView.swift in Sources */ = {isa = PBXBuildFile; fileRef = 041C91612C8EF75D00A1AB7C /* CoinTabView.swift */; };
		041C91652C8EF8A200A1AB7C /* CoinTrendingView.swift in Sources */ = {isa = PBXBuildFile; fileRef = 041C91642C8EF8A200A1AB7C /* CoinTrendingView.swift */; };
		041C91672C8EF8AC00A1AB7C /* CoinSearchView.swift in Sources */ = {isa = PBXBuildFile; fileRef = 041C91662C8EF8AC00A1AB7C /* CoinSearchView.swift */; };
		041C91692C8EF8BC00A1AB7C /* CoinFavoriteView.swift in Sources */ = {isa = PBXBuildFile; fileRef = 041C91682C8EF8BC00A1AB7C /* CoinFavoriteView.swift */; };
		041C916C2C8EFE4300A1AB7C /* Alamofire in Frameworks */ = {isa = PBXBuildFile; productRef = 041C916B2C8EFE4300A1AB7C /* Alamofire */; };
		041C91722C8F026E00A1AB7C /* NavigationWrapper.swift in Sources */ = {isa = PBXBuildFile; fileRef = 041C91712C8F026E00A1AB7C /* NavigationWrapper.swift */; };
		041C91742C8F0E3A00A1AB7C /* CoinSearchRowView.swift in Sources */ = {isa = PBXBuildFile; fileRef = 041C91732C8F0E3A00A1AB7C /* CoinSearchRowView.swift */; };
/* End PBXBuildFile section */

/* Begin PBXFileReference section */
		041C91502C8EF68B00A1AB7C /* MiniCoinProject.app */ = {isa = PBXFileReference; explicitFileType = wrapper.application; includeInIndex = 0; path = MiniCoinProject.app; sourceTree = BUILT_PRODUCTS_DIR; };
		041C91532C8EF68B00A1AB7C /* MiniCoinProjectApp.swift */ = {isa = PBXFileReference; lastKnownFileType = sourcecode.swift; path = MiniCoinProjectApp.swift; sourceTree = "<group>"; };
		041C91572C8EF68D00A1AB7C /* Assets.xcassets */ = {isa = PBXFileReference; lastKnownFileType = folder.assetcatalog; path = Assets.xcassets; sourceTree = "<group>"; };
		041C915A2C8EF68D00A1AB7C /* Preview Assets.xcassets */ = {isa = PBXFileReference; lastKnownFileType = folder.assetcatalog; path = "Preview Assets.xcassets"; sourceTree = "<group>"; };
		041C91612C8EF75D00A1AB7C /* CoinTabView.swift */ = {isa = PBXFileReference; lastKnownFileType = sourcecode.swift; path = CoinTabView.swift; sourceTree = "<group>"; };
		041C91642C8EF8A200A1AB7C /* CoinTrendingView.swift */ = {isa = PBXFileReference; lastKnownFileType = sourcecode.swift; path = CoinTrendingView.swift; sourceTree = "<group>"; };
		041C91662C8EF8AC00A1AB7C /* CoinSearchView.swift */ = {isa = PBXFileReference; lastKnownFileType = sourcecode.swift; path = CoinSearchView.swift; sourceTree = "<group>"; };
		041C91682C8EF8BC00A1AB7C /* CoinFavoriteView.swift */ = {isa = PBXFileReference; lastKnownFileType = sourcecode.swift; path = CoinFavoriteView.swift; sourceTree = "<group>"; };
		041C91712C8F026E00A1AB7C /* NavigationWrapper.swift */ = {isa = PBXFileReference; lastKnownFileType = sourcecode.swift; path = NavigationWrapper.swift; sourceTree = "<group>"; };
		041C91732C8F0E3A00A1AB7C /* CoinSearchRowView.swift */ = {isa = PBXFileReference; lastKnownFileType = sourcecode.swift; path = CoinSearchRowView.swift; sourceTree = "<group>"; };
/* End PBXFileReference section */

/* Begin PBXFrameworksBuildPhase section */
		041C914D2C8EF68B00A1AB7C /* Frameworks */ = {
			isa = PBXFrameworksBuildPhase;
			buildActionMask = 2147483647;
			files = (
				041C916C2C8EFE4300A1AB7C /* Alamofire in Frameworks */,
			);
			runOnlyForDeploymentPostprocessing = 0;
		};
/* End PBXFrameworksBuildPhase section */

/* Begin PBXGroup section */
		041C91472C8EF68B00A1AB7C = {
			isa = PBXGroup;
			children = (
				041C91522C8EF68B00A1AB7C /* MiniCoinProject */,
				041C91512C8EF68B00A1AB7C /* Products */,
			);
			sourceTree = "<group>";
		};
		041C91512C8EF68B00A1AB7C /* Products */ = {
			isa = PBXGroup;
			children = (
				041C91502C8EF68B00A1AB7C /* MiniCoinProject.app */,
			);
			name = Products;
			sourceTree = "<group>";
		};
		041C91522C8EF68B00A1AB7C /* MiniCoinProject */ = {
			isa = PBXGroup;
			children = (
				041C91532C8EF68B00A1AB7C /* MiniCoinProjectApp.swift */,
				041C91712C8F026E00A1AB7C /* NavigationWrapper.swift */,
				041C91632C8EF89000A1AB7C /* View */,
				041C91572C8EF68D00A1AB7C /* Assets.xcassets */,
				041C91592C8EF68D00A1AB7C /* Preview Content */,
			);
			path = MiniCoinProject;
			sourceTree = "<group>";
		};
		041C91592C8EF68D00A1AB7C /* Preview Content */ = {
			isa = PBXGroup;
			children = (
				041C915A2C8EF68D00A1AB7C /* Preview Assets.xcassets */,
			);
			path = "Preview Content";
			sourceTree = "<group>";
		};
		041C91632C8EF89000A1AB7C /* View */ = {
			isa = PBXGroup;
			children = (
				041C91612C8EF75D00A1AB7C /* CoinTabView.swift */,
				041C91642C8EF8A200A1AB7C /* CoinTrendingView.swift */,
				041C91662C8EF8AC00A1AB7C /* CoinSearchView.swift */,
				041C91732C8F0E3A00A1AB7C /* CoinSearchRowView.swift */,
				041C91682C8EF8BC00A1AB7C /* CoinFavoriteView.swift */,
			);
			path = View;
			sourceTree = "<group>";
		};
/* End PBXGroup section */

/* Begin PBXNativeTarget section */
		041C914F2C8EF68B00A1AB7C /* MiniCoinProject */ = {
			isa = PBXNativeTarget;
			buildConfigurationList = 041C915E2C8EF68D00A1AB7C /* Build configuration list for PBXNativeTarget "MiniCoinProject" */;
			buildPhases = (
				041C914C2C8EF68B00A1AB7C /* Sources */,
				041C914D2C8EF68B00A1AB7C /* Frameworks */,
				041C914E2C8EF68B00A1AB7C /* Resources */,
			);
			buildRules = (
			);
			dependencies = (
			);
			name = MiniCoinProject;
			packageProductDependencies = (
				041C916B2C8EFE4300A1AB7C /* Alamofire */,
			);
			productName = MiniCoinProject;
			productReference = 041C91502C8EF68B00A1AB7C /* MiniCoinProject.app */;
			productType = "com.apple.product-type.application";
		};
/* End PBXNativeTarget section */

/* Begin PBXProject section */
		041C91482C8EF68B00A1AB7C /* Project object */ = {
			isa = PBXProject;
			attributes = {
				BuildIndependentTargetsInParallel = 1;
				LastSwiftUpdateCheck = 1540;
				LastUpgradeCheck = 1540;
				TargetAttributes = {
					041C914F2C8EF68B00A1AB7C = {
						CreatedOnToolsVersion = 15.4;
					};
				};
			};
			buildConfigurationList = 041C914B2C8EF68B00A1AB7C /* Build configuration list for PBXProject "MiniCoinProject" */;
			compatibilityVersion = "Xcode 14.0";
			developmentRegion = en;
			hasScannedForEncodings = 0;
			knownRegions = (
				en,
				Base,
			);
			mainGroup = 041C91472C8EF68B00A1AB7C;
			packageReferences = (
				041C916A2C8EFE4300A1AB7C /* XCRemoteSwiftPackageReference "Alamofire" */,
			);
			productRefGroup = 041C91512C8EF68B00A1AB7C /* Products */;
			projectDirPath = "";
			projectRoot = "";
			targets = (
				041C914F2C8EF68B00A1AB7C /* MiniCoinProject */,
			);
		};
/* End PBXProject section */

/* Begin PBXResourcesBuildPhase section */
		041C914E2C8EF68B00A1AB7C /* Resources */ = {
			isa = PBXResourcesBuildPhase;
			buildActionMask = 2147483647;
			files = (
				041C915B2C8EF68D00A1AB7C /* Preview Assets.xcassets in Resources */,
				041C91582C8EF68D00A1AB7C /* Assets.xcassets in Resources */,
			);
			runOnlyForDeploymentPostprocessing = 0;
		};
/* End PBXResourcesBuildPhase section */

/* Begin PBXSourcesBuildPhase section */
		041C914C2C8EF68B00A1AB7C /* Sources */ = {
			isa = PBXSourcesBuildPhase;
			buildActionMask = 2147483647;
			files = (
				041C91652C8EF8A200A1AB7C /* CoinTrendingView.swift in Sources */,
				041C91722C8F026E00A1AB7C /* NavigationWrapper.swift in Sources */,
				041C91692C8EF8BC00A1AB7C /* CoinFavoriteView.swift in Sources */,
				041C91672C8EF8AC00A1AB7C /* CoinSearchView.swift in Sources */,
				041C91742C8F0E3A00A1AB7C /* CoinSearchRowView.swift in Sources */,
				041C91622C8EF75D00A1AB7C /* CoinTabView.swift in Sources */,
				041C91542C8EF68B00A1AB7C /* MiniCoinProjectApp.swift in Sources */,
			);
			runOnlyForDeploymentPostprocessing = 0;
		};
/* End PBXSourcesBuildPhase section */

/* Begin XCBuildConfiguration section */
		041C915C2C8EF68D00A1AB7C /* Debug */ = {
			isa = XCBuildConfiguration;
			buildSettings = {
				ALWAYS_SEARCH_USER_PATHS = NO;
				ASSETCATALOG_COMPILER_GENERATE_SWIFT_ASSET_SYMBOL_EXTENSIONS = YES;
				CLANG_ANALYZER_NONNULL = YES;
				CLANG_ANALYZER_NUMBER_OBJECT_CONVERSION = YES_AGGRESSIVE;
				CLANG_CXX_LANGUAGE_STANDARD = "gnu++20";
				CLANG_ENABLE_MODULES = YES;
				CLANG_ENABLE_OBJC_ARC = YES;
				CLANG_ENABLE_OBJC_WEAK = YES;
				CLANG_WARN_BLOCK_CAPTURE_AUTORELEASING = YES;
				CLANG_WARN_BOOL_CONVERSION = YES;
				CLANG_WARN_COMMA = YES;
				CLANG_WARN_CONSTANT_CONVERSION = YES;
				CLANG_WARN_DEPRECATED_OBJC_IMPLEMENTATIONS = YES;
				CLANG_WARN_DIRECT_OBJC_ISA_USAGE = YES_ERROR;
				CLANG_WARN_DOCUMENTATION_COMMENTS = YES;
				CLANG_WARN_EMPTY_BODY = YES;
				CLANG_WARN_ENUM_CONVERSION = YES;
				CLANG_WARN_INFINITE_RECURSION = YES;
				CLANG_WARN_INT_CONVERSION = YES;
				CLANG_WARN_NON_LITERAL_NULL_CONVERSION = YES;
				CLANG_WARN_OBJC_IMPLICIT_RETAIN_SELF = YES;
				CLANG_WARN_OBJC_LITERAL_CONVERSION = YES;
				CLANG_WARN_OBJC_ROOT_CLASS = YES_ERROR;
				CLANG_WARN_QUOTED_INCLUDE_IN_FRAMEWORK_HEADER = YES;
				CLANG_WARN_RANGE_LOOP_ANALYSIS = YES;
				CLANG_WARN_STRICT_PROTOTYPES = YES;
				CLANG_WARN_SUSPICIOUS_MOVE = YES;
				CLANG_WARN_UNGUARDED_AVAILABILITY = YES_AGGRESSIVE;
				CLANG_WARN_UNREACHABLE_CODE = YES;
				CLANG_WARN__DUPLICATE_METHOD_MATCH = YES;
				COPY_PHASE_STRIP = NO;
				DEBUG_INFORMATION_FORMAT = dwarf;
				ENABLE_STRICT_OBJC_MSGSEND = YES;
				ENABLE_TESTABILITY = YES;
				ENABLE_USER_SCRIPT_SANDBOXING = YES;
				GCC_C_LANGUAGE_STANDARD = gnu17;
				GCC_DYNAMIC_NO_PIC = NO;
				GCC_NO_COMMON_BLOCKS = YES;
				GCC_OPTIMIZATION_LEVEL = 0;
				GCC_PREPROCESSOR_DEFINITIONS = (
					"DEBUG=1",
					"$(inherited)",
				);
				GCC_WARN_64_TO_32_BIT_CONVERSION = YES;
				GCC_WARN_ABOUT_RETURN_TYPE = YES_ERROR;
				GCC_WARN_UNDECLARED_SELECTOR = YES;
				GCC_WARN_UNINITIALIZED_AUTOS = YES_AGGRESSIVE;
				GCC_WARN_UNUSED_FUNCTION = YES;
				GCC_WARN_UNUSED_VARIABLE = YES;
				IPHONEOS_DEPLOYMENT_TARGET = 17.5;
				LOCALIZATION_PREFERS_STRING_CATALOGS = YES;
				MTL_ENABLE_DEBUG_INFO = INCLUDE_SOURCE;
				MTL_FAST_MATH = YES;
				ONLY_ACTIVE_ARCH = YES;
				SDKROOT = iphoneos;
				SWIFT_ACTIVE_COMPILATION_CONDITIONS = "DEBUG $(inherited)";
				SWIFT_OPTIMIZATION_LEVEL = "-Onone";
			};
			name = Debug;
		};
		041C915D2C8EF68D00A1AB7C /* Release */ = {
			isa = XCBuildConfiguration;
			buildSettings = {
				ALWAYS_SEARCH_USER_PATHS = NO;
				ASSETCATALOG_COMPILER_GENERATE_SWIFT_ASSET_SYMBOL_EXTENSIONS = YES;
				CLANG_ANALYZER_NONNULL = YES;
				CLANG_ANALYZER_NUMBER_OBJECT_CONVERSION = YES_AGGRESSIVE;
				CLANG_CXX_LANGUAGE_STANDARD = "gnu++20";
				CLANG_ENABLE_MODULES = YES;
				CLANG_ENABLE_OBJC_ARC = YES;
				CLANG_ENABLE_OBJC_WEAK = YES;
				CLANG_WARN_BLOCK_CAPTURE_AUTORELEASING = YES;
				CLANG_WARN_BOOL_CONVERSION = YES;
				CLANG_WARN_COMMA = YES;
				CLANG_WARN_CONSTANT_CONVERSION = YES;
				CLANG_WARN_DEPRECATED_OBJC_IMPLEMENTATIONS = YES;
				CLANG_WARN_DIRECT_OBJC_ISA_USAGE = YES_ERROR;
				CLANG_WARN_DOCUMENTATION_COMMENTS = YES;
				CLANG_WARN_EMPTY_BODY = YES;
				CLANG_WARN_ENUM_CONVERSION = YES;
				CLANG_WARN_INFINITE_RECURSION = YES;
				CLANG_WARN_INT_CONVERSION = YES;
				CLANG_WARN_NON_LITERAL_NULL_CONVERSION = YES;
				CLANG_WARN_OBJC_IMPLICIT_RETAIN_SELF = YES;
				CLANG_WARN_OBJC_LITERAL_CONVERSION = YES;
				CLANG_WARN_OBJC_ROOT_CLASS = YES_ERROR;
				CLANG_WARN_QUOTED_INCLUDE_IN_FRAMEWORK_HEADER = YES;
				CLANG_WARN_RANGE_LOOP_ANALYSIS = YES;
				CLANG_WARN_STRICT_PROTOTYPES = YES;
				CLANG_WARN_SUSPICIOUS_MOVE = YES;
				CLANG_WARN_UNGUARDED_AVAILABILITY = YES_AGGRESSIVE;
				CLANG_WARN_UNREACHABLE_CODE = YES;
				CLANG_WARN__DUPLICATE_METHOD_MATCH = YES;
				COPY_PHASE_STRIP = NO;
				DEBUG_INFORMATION_FORMAT = "dwarf-with-dsym";
				ENABLE_NS_ASSERTIONS = NO;
				ENABLE_STRICT_OBJC_MSGSEND = YES;
				ENABLE_USER_SCRIPT_SANDBOXING = YES;
				GCC_C_LANGUAGE_STANDARD = gnu17;
				GCC_NO_COMMON_BLOCKS = YES;
				GCC_WARN_64_TO_32_BIT_CONVERSION = YES;
				GCC_WARN_ABOUT_RETURN_TYPE = YES_ERROR;
				GCC_WARN_UNDECLARED_SELECTOR = YES;
				GCC_WARN_UNINITIALIZED_AUTOS = YES_AGGRESSIVE;
				GCC_WARN_UNUSED_FUNCTION = YES;
				GCC_WARN_UNUSED_VARIABLE = YES;
				IPHONEOS_DEPLOYMENT_TARGET = 17.5;
				LOCALIZATION_PREFERS_STRING_CATALOGS = YES;
				MTL_ENABLE_DEBUG_INFO = NO;
				MTL_FAST_MATH = YES;
				SDKROOT = iphoneos;
				SWIFT_COMPILATION_MODE = wholemodule;
				VALIDATE_PRODUCT = YES;
			};
			name = Release;
		};
		041C915F2C8EF68D00A1AB7C /* Debug */ = {
			isa = XCBuildConfiguration;
			buildSettings = {
				ASSETCATALOG_COMPILER_APPICON_NAME = AppIcon;
				ASSETCATALOG_COMPILER_GLOBAL_ACCENT_COLOR_NAME = AccentColor;
				CODE_SIGN_STYLE = Automatic;
				CURRENT_PROJECT_VERSION = 1;
				DEVELOPMENT_ASSET_PATHS = "\"MiniCoinProject/Preview Content\"";
				ENABLE_PREVIEWS = YES;
				GENERATE_INFOPLIST_FILE = YES;
				INFOPLIST_KEY_UIApplicationSceneManifest_Generation = YES;
				INFOPLIST_KEY_UIApplicationSupportsIndirectInputEvents = YES;
				INFOPLIST_KEY_UILaunchScreen_Generation = YES;
				INFOPLIST_KEY_UISupportedInterfaceOrientations = UIInterfaceOrientationPortrait;
				INFOPLIST_KEY_UISupportedInterfaceOrientations_iPad = UIInterfaceOrientationPortrait;
				IPHONEOS_DEPLOYMENT_TARGET = 16.0;
				LD_RUNPATH_SEARCH_PATHS = (
					"$(inherited)",
					"@executable_path/Frameworks",
				);
				MARKETING_VERSION = 1.0;
				PRODUCT_BUNDLE_IDENTIFIER = com.harvey.MiniCoinProject;
				PRODUCT_NAME = "$(TARGET_NAME)";
				SUPPORTED_PLATFORMS = "iphoneos iphonesimulator";
				SUPPORTS_MACCATALYST = NO;
				SUPPORTS_MAC_DESIGNED_FOR_IPHONE_IPAD = NO;
				SUPPORTS_XR_DESIGNED_FOR_IPHONE_IPAD = NO;
				SWIFT_EMIT_LOC_STRINGS = YES;
				SWIFT_VERSION = 5.0;
				TARGETED_DEVICE_FAMILY = 1;
			};
			name = Debug;
		};
		041C91602C8EF68D00A1AB7C /* Release */ = {
			isa = XCBuildConfiguration;
			buildSettings = {
				ASSETCATALOG_COMPILER_APPICON_NAME = AppIcon;
				ASSETCATALOG_COMPILER_GLOBAL_ACCENT_COLOR_NAME = AccentColor;
				CODE_SIGN_STYLE = Automatic;
				CURRENT_PROJECT_VERSION = 1;
				DEVELOPMENT_ASSET_PATHS = "\"MiniCoinProject/Preview Content\"";
				ENABLE_PREVIEWS = YES;
				GENERATE_INFOPLIST_FILE = YES;
				INFOPLIST_KEY_UIApplicationSceneManifest_Generation = YES;
				INFOPLIST_KEY_UIApplicationSupportsIndirectInputEvents = YES;
				INFOPLIST_KEY_UILaunchScreen_Generation = YES;
				INFOPLIST_KEY_UISupportedInterfaceOrientations = UIInterfaceOrientationPortrait;
				INFOPLIST_KEY_UISupportedInterfaceOrientations_iPad = UIInterfaceOrientationPortrait;
				IPHONEOS_DEPLOYMENT_TARGET = 16.0;
				LD_RUNPATH_SEARCH_PATHS = (
					"$(inherited)",
					"@executable_path/Frameworks",
				);
				MARKETING_VERSION = 1.0;
				PRODUCT_BUNDLE_IDENTIFIER = com.harvey.MiniCoinProject;
				PRODUCT_NAME = "$(TARGET_NAME)";
				SUPPORTED_PLATFORMS = "iphoneos iphonesimulator";
				SUPPORTS_MACCATALYST = NO;
				SUPPORTS_MAC_DESIGNED_FOR_IPHONE_IPAD = NO;
				SUPPORTS_XR_DESIGNED_FOR_IPHONE_IPAD = NO;
				SWIFT_EMIT_LOC_STRINGS = YES;
				SWIFT_VERSION = 5.0;
				TARGETED_DEVICE_FAMILY = 1;
			};
			name = Release;
		};
/* End XCBuildConfiguration section */

/* Begin XCConfigurationList section */
		041C914B2C8EF68B00A1AB7C /* Build configuration list for PBXProject "MiniCoinProject" */ = {
			isa = XCConfigurationList;
			buildConfigurations = (
				041C915C2C8EF68D00A1AB7C /* Debug */,
				041C915D2C8EF68D00A1AB7C /* Release */,
			);
			defaultConfigurationIsVisible = 0;
			defaultConfigurationName = Release;
		};
		041C915E2C8EF68D00A1AB7C /* Build configuration list for PBXNativeTarget "MiniCoinProject" */ = {
			isa = XCConfigurationList;
			buildConfigurations = (
				041C915F2C8EF68D00A1AB7C /* Debug */,
				041C91602C8EF68D00A1AB7C /* Release */,
			);
			defaultConfigurationIsVisible = 0;
			defaultConfigurationName = Release;
		};
/* End XCConfigurationList section */

/* Begin XCRemoteSwiftPackageReference section */
		041C916A2C8EFE4300A1AB7C /* XCRemoteSwiftPackageReference "Alamofire" */ = {
			isa = XCRemoteSwiftPackageReference;
			repositoryURL = "https://github.com/Alamofire/Alamofire.git";
			requirement = {
				kind = upToNextMajorVersion;
				minimumVersion = 5.9.1;
			};
		};
/* End XCRemoteSwiftPackageReference section */

/* Begin XCSwiftPackageProductDependency section */
		041C916B2C8EFE4300A1AB7C /* Alamofire */ = {
			isa = XCSwiftPackageProductDependency;
			package = 041C916A2C8EFE4300A1AB7C /* XCRemoteSwiftPackageReference "Alamofire" */;
			productName = Alamofire;
		};
/* End XCSwiftPackageProductDependency section */
	};
	rootObject = 041C91482C8EF68B00A1AB7C /* Project object */;
}
